
Microsoft Visual Studio Solution File, Format Version 12.00
# Visual Studio Version 16
VisualStudioVersion = 16.0.31005.135
MinimumVisualStudioVersion = 10.0.40219.1
Project("{9A19103F-16F7-4668-BE54-9A1E7A4F7556}") = "UNCDF.WebApi.Security", "UNCDF.WebApi.Security\UNCDF.WebApi.Security.csproj", "{620BC4FF-6B68-4C38-ABF0-605C30FEA1B7}"
EndProject
Project("{9A19103F-16F7-4668-BE54-9A1E7A4F7556}") = "UNCDF.Layers.Business", "UNCDF.Layers.Business\UNCDF.Layers.Business.csproj", "{513ABB6E-EBD6-4D90-A8E4-D6F820B1F853}"
EndProject
Project("{00D1A9C2-B5F0-4AF3-8072-F6C62B433612}") = "UNCDF", "UNCDF\UNCDF.sqlproj", "{938DFF43-3CC2-4434-A95C-F065426ADEC8}"
EndProject
Project("{2150E333-8FDC-42A3-9474-1A3956D46DE8}") = "DataBase", "DataBase", "{0D658A0C-3DC8-433E-9B51-A0F4771877E9}"
EndProject
Project("{2150E333-8FDC-42A3-9474-1A3956D46DE8}") = "Layers", "Layers", "{A93DC36C-E479-4C6D-9107-1640E7B787E5}"
EndProject
Project("{9A19103F-16F7-4668-BE54-9A1E7A4F7556}") = "UNCDF.Layers.DataAccess", "UNCDF.Layers.DataAccess\UNCDF.Layers.DataAccess.csproj", "{729727F2-0239-4D11-B3F6-21320B3DFEA0}"
EndProject
Project("{9A19103F-16F7-4668-BE54-9A1E7A4F7556}") = "UNCDF.Utilities", "UNCDF.Utilities\UNCDF.Utilities.csproj", "{80A0CC7E-CF92-4685-A46A-FD63062D5343}"
EndProject
Project("{2150E333-8FDC-42A3-9474-1A3956D46DE8}") = "CMS", "CMS", "{EAA29EC2-F7A9-4642-B76A-30CF37F721B9}"
EndProject
Project("{FAE04EC0-301F-11D3-BF4B-00C04F79EFBC}") = "UNCDF.CMS", "UNCDF.CMS\UNCDF.CMS.csproj", "{796C9712-3874-464F-8C80-816460A5B27E}"
EndProject
Project("{FAE04EC0-301F-11D3-BF4B-00C04F79EFBC}") = "UNCDF.Layers.Model", "UNCDF.Layers.Model\UNCDF.Layers.Model.csproj", "{506252AB-2874-44E0-A1D8-BF515D048EDC}"
EndProject
Project("{FAE04EC0-301F-11D3-BF4B-00C04F79EFBC}") = "UNCDF.WebApi.Project", "UNCDF.WebApi.Project\UNCDF.WebApi.Project.csproj", "{D787BACA-E9CD-44C8-978F-48CC67DDEC65}"
EndProject
Project("{FAE04EC0-301F-11D3-BF4B-00C04F79EFBC}") = "UNCDF.WebApi.Config", "UNCDF.WebApi.Config\UNCDF.WebApi.Config.csproj", "{7FCEA262-48B4-43D9-9EC4-35E7DCB4782B}"
EndProject
Global
	GlobalSection(SolutionConfigurationPlatforms) = preSolution
		Debug|Any CPU = Debug|Any CPU
		Release|Any CPU = Release|Any CPU
	EndGlobalSection
	GlobalSection(ProjectConfigurationPlatforms) = postSolution
		{620BC4FF-6B68-4C38-ABF0-605C30FEA1B7}.Debug|Any CPU.ActiveCfg = Debug|Any CPU
		{620BC4FF-6B68-4C38-ABF0-605C30FEA1B7}.Debug|Any CPU.Build.0 = Debug|Any CPU
		{620BC4FF-6B68-4C38-ABF0-605C30FEA1B7}.Release|Any CPU.ActiveCfg = Release|Any CPU
		{620BC4FF-6B68-4C38-ABF0-605C30FEA1B7}.Release|Any CPU.Build.0 = Release|Any CPU
		{513ABB6E-EBD6-4D90-A8E4-D6F820B1F853}.Debug|Any CPU.ActiveCfg = Debug|Any CPU
		{513ABB6E-EBD6-4D90-A8E4-D6F820B1F853}.Debug|Any CPU.Build.0 = Debug|Any CPU
		{513ABB6E-EBD6-4D90-A8E4-D6F820B1F853}.Release|Any CPU.ActiveCfg = Release|Any CPU
		{513ABB6E-EBD6-4D90-A8E4-D6F820B1F853}.Release|Any CPU.Build.0 = Release|Any CPU
		{938DFF43-3CC2-4434-A95C-F065426ADEC8}.Debug|Any CPU.ActiveCfg = Debug|Any CPU
		{938DFF43-3CC2-4434-A95C-F065426ADEC8}.Debug|Any CPU.Build.0 = Debug|Any CPU
		{938DFF43-3CC2-4434-A95C-F065426ADEC8}.Debug|Any CPU.Deploy.0 = Debug|Any CPU
		{938DFF43-3CC2-4434-A95C-F065426ADEC8}.Release|Any CPU.ActiveCfg = Release|Any CPU
		{938DFF43-3CC2-4434-A95C-F065426ADEC8}.Release|Any CPU.Build.0 = Release|Any CPU
		{938DFF43-3CC2-4434-A95C-F065426ADEC8}.Release|Any CPU.Deploy.0 = Release|Any CPU
		{729727F2-0239-4D11-B3F6-21320B3DFEA0}.Debug|Any CPU.ActiveCfg = Debug|Any CPU
		{729727F2-0239-4D11-B3F6-21320B3DFEA0}.Debug|Any CPU.Build.0 = Debug|Any CPU
		{729727F2-0239-4D11-B3F6-21320B3DFEA0}.Release|Any CPU.ActiveCfg = Release|Any CPU
		{729727F2-0239-4D11-B3F6-21320B3DFEA0}.Release|Any CPU.Build.0 = Release|Any CPU
		{80A0CC7E-CF92-4685-A46A-FD63062D5343}.Debug|Any CPU.ActiveCfg = Debug|Any CPU
		{80A0CC7E-CF92-4685-A46A-FD63062D5343}.Debug|Any CPU.Build.0 = Debug|Any CPU
		{80A0CC7E-CF92-4685-A46A-FD63062D5343}.Release|Any CPU.ActiveCfg = Release|Any CPU
		{80A0CC7E-CF92-4685-A46A-FD63062D5343}.Release|Any CPU.Build.0 = Release|Any CPU
		{796C9712-3874-464F-8C80-816460A5B27E}.Debug|Any CPU.ActiveCfg = Debug|Any CPU
		{796C9712-3874-464F-8C80-816460A5B27E}.Debug|Any CPU.Build.0 = Debug|Any CPU
		{796C9712-3874-464F-8C80-816460A5B27E}.Release|Any CPU.ActiveCfg = Release|Any CPU
		{796C9712-3874-464F-8C80-816460A5B27E}.Release|Any CPU.Build.0 = Release|Any CPU
		{506252AB-2874-44E0-A1D8-BF515D048EDC}.Debug|Any CPU.ActiveCfg = Debug|Any CPU
		{506252AB-2874-44E0-A1D8-BF515D048EDC}.Debug|Any CPU.Build.0 = Debug|Any CPU
		{506252AB-2874-44E0-A1D8-BF515D048EDC}.Release|Any CPU.ActiveCfg = Release|Any CPU
		{506252AB-2874-44E0-A1D8-BF515D048EDC}.Release|Any CPU.Build.0 = Release|Any CPU
		{D787BACA-E9CD-44C8-978F-48CC67DDEC65}.Debug|Any CPU.ActiveCfg = Debug|Any CPU
		{D787BACA-E9CD-44C8-978F-48CC67DDEC65}.Debug|Any CPU.Build.0 = Debug|Any CPU
		{D787BACA-E9CD-44C8-978F-48CC67DDEC65}.Release|Any CPU.ActiveCfg = Release|Any CPU
		{D787BACA-E9CD-44C8-978F-48CC67DDEC65}.Release|Any CPU.Build.0 = Release|Any CPU
		{7FCEA262-48B4-43D9-9EC4-35E7DCB4782B}.Debug|Any CPU.ActiveCfg = Debug|Any CPU
		{7FCEA262-48B4-43D9-9EC4-35E7DCB4782B}.Debug|Any CPU.Build.0 = Debug|Any CPU
		{7FCEA262-48B4-43D9-9EC4-35E7DCB4782B}.Release|Any CPU.ActiveCfg = Release|Any CPU
		{7FCEA262-48B4-43D9-9EC4-35E7DCB4782B}.Release|Any CPU.Build.0 = Release|Any CPU
	EndGlobalSection
	GlobalSection(SolutionProperties) = preSolution
		HideSolutionNode = FALSE
	EndGlobalSection
	GlobalSection(NestedProjects) = preSolution
		{513ABB6E-EBD6-4D90-A8E4-D6F820B1F853} = {A93DC36C-E479-4C6D-9107-1640E7B787E5}
		{938DFF43-3CC2-4434-A95C-F065426ADEC8} = {0D658A0C-3DC8-433E-9B51-A0F4771877E9}
		{729727F2-0239-4D11-B3F6-21320B3DFEA0} = {A93DC36C-E479-4C6D-9107-1640E7B787E5}
		{796C9712-3874-464F-8C80-816460A5B27E} = {EAA29EC2-F7A9-4642-B76A-30CF37F721B9}
		{506252AB-2874-44E0-A1D8-BF515D048EDC} = {A93DC36C-E479-4C6D-9107-1640E7B787E5}
	EndGlobalSection
	GlobalSection(ExtensibilityGlobals) = postSolution
		SolutionGuid = {C2B559E9-35F9-4122-BDB8-479ADB61034A}
	EndGlobalSection
EndGlobal
